{
  "name": "@openpoker-dev/genjs",
  "version": "1.0.0",
  "lockfileVersion": 3,
  "requires": true,
  "packages": {
    "": {
      "name": "@openpoker-dev/genjs",
      "version": "1.0.0",
      "dependencies": {
        "@bufbuild/protobuf": "^2.10.2",
        "@connectrpc/connect-query": "^2.2.0",
        "google-protobuf": "^3.21.4",
        "grpc-web": "^2.0.2"
      }
    },
    "node_modules/@bufbuild/protobuf": {
      "version": "2.10.2",
      "resolved": "https://registry.npmmirror.com/@bufbuild/protobuf/-/protobuf-2.10.2.tgz",
      "integrity": "sha512-uFsRXwIGyu+r6AMdz+XijIIZJYpoWeYzILt5yZ2d3mCjQrWUTVpVD9WL/jZAbvp+Ed04rOhrsk7FiTcEDseB5A==",
      "license": "(Apache-2.0 AND BSD-3-Clause)"
    },
    "node_modules/@connectrpc/connect": {
      "version": "2.1.1",
      "resolved": "https://registry.npmmirror.com/@connectrpc/connect/-/connect-2.1.1.tgz",
      "integrity": "sha512-JzhkaTvM73m2K1URT6tv53k2RwngSmCXLZJgK580qNQOXRzZRR/BCMfZw3h+90JpnG6XksP5bYT+cz0rpUzUWQ==",
      "license": "Apache-2.0",
      "peer": true,
      "peerDependencies": {
        "@bufbuild/protobuf": "^2.7.0"
      }
    },
    "node_modules/@connectrpc/connect-query": {
      "version": "2.2.0",
      "resolved": "https://registry.npmmirror.com/@connectrpc/connect-query/-/connect-query-2.2.0.tgz",
      "integrity": "sha512-oQ+coXOwBmfl4/t6EOrTfzW0zdoGDe3kvUYqZHrbzORkRFd693Cz8PxuDBjRCjmBPhDRCQMxFhR1jn2+SbgEKQ==",
      "license": "Apache-2.0",
      "dependencies": {
        "@connectrpc/connect-query-core": "^2.2.0"
      },
      "peerDependencies": {
        "@bufbuild/protobuf": "2.x",
        "@connectrpc/connect": "^2.0.1",
        "@tanstack/react-query": ">=5.62.0",
        "react": "^18 || ^19",
        "react-dom": "^18 || ^19"
      }
    },
    "node_modules/@connectrpc/connect-query-core": {
      "version": "2.2.0",
      "resolved": "https://registry.npmmirror.com/@connectrpc/connect-query-core/-/connect-query-core-2.2.0.tgz",
      "integrity": "sha512-t/CuxW/vP84y2iyS+PnbAnBwgOTYMzHXTSoBUKC1vIn706aNiZP40Y6mGJybglyH63RhAPcOdUgzG7DjzaAHCw==",
      "license": "Apache-2.0",
      "peerDependencies": {
        "@bufbuild/protobuf": "2.x",
        "@connectrpc/connect": "^2.0.1",
        "@tanstack/query-core": ">=5.62.0"
      }
    },
    "node_modules/@tanstack/query-core": {
      "version": "5.90.12",
      "resolved": "https://registry.npmmirror.com/@tanstack/query-core/-/query-core-5.90.12.tgz",
      "integrity": "sha512-T1/8t5DhV/SisWjDnaiU2drl6ySvsHj1bHBCWNXd+/T+Hh1cf6JodyEYMd5sgwm+b/mETT4EV3H+zCVczCU5hg==",
      "license": "MIT",
      "peer": true,
      "funding": {
        "type": "github",
        "url": "https://github.com/sponsors/tannerlinsley"
      }
    },
    "node_modules/@tanstack/react-query": {
      "version": "5.90.12",
      "resolved": "https://registry.npmmirror.com/@tanstack/react-query/-/react-query-5.90.12.tgz",
      "integrity": "sha512-graRZspg7EoEaw0a8faiUASCyJrqjKPdqJ9EwuDRUF9mEYJ1YPczI9H+/agJ0mOJkPCJDk0lsz5QTrLZ/jQ2rg==",
      "license": "MIT",
      "peer": true,
      "dependencies": {
        "@tanstack/query-core": "5.90.12"
      },
      "funding": {
        "type": "github",
        "url": "https://github.com/sponsors/tannerlinsley"
      },
      "peerDependencies": {
        "react": "^18 || ^19"
      }
    },
    "node_modules/google-protobuf": {
      "version": "3.21.4",
      "resolved": "https://registry.npmmirror.com/google-protobuf/-/google-protobuf-3.21.4.tgz",
      "integrity": "sha512-MnG7N936zcKTco4Jd2PX2U96Kf9PxygAPKBug+74LHzmHXmceN16MmRcdgZv+DGef/S9YvQAfRsNCn4cjf9yyQ==",
      "license": "(BSD-3-Clause AND Apache-2.0)"
    },
    "node_modules/grpc-web": {
      "version": "2.0.2",
      "resolved": "https://registry.npmmirror.com/grpc-web/-/grpc-web-2.0.2.tgz",
      "integrity": "sha512-bvBP0/d5jyVM3eGxxffJhRLAPpH6eXhJeUzBT+bSIEgUKkG4a/BotEimVeW3phP0WLnsJnkRl8uQdRf2yDLaVA==",
      "license": "Apache-2.0"
    },
    "node_modules/react": {
      "version": "19.2.3",
      "resolved": "https://registry.npmmirror.com/react/-/react-19.2.3.tgz",
      "integrity": "sha512-Ku/hhYbVjOQnXDZFv2+RibmLFGwFdeeKHFcOTlrt7xplBnya5OGn/hIRDsqDiSUcfORsDC7MPxwork8jBwsIWA==",
      "license": "MIT",
      "peer": true,
      "engines": {
        "node": ">=0.10.0"
      }
    },
    "node_modules/react-dom": {
      "version": "19.2.3",
      "resolved": "https://registry.npmmirror.com/react-dom/-/react-dom-19.2.3.tgz",
      "integrity": "sha512-yELu4WmLPw5Mr/lmeEpox5rw3RETacE++JgHqQzd2dg+YbJuat3jH4ingc+WPZhxaoFzdv9y33G+F7Nl5O0GBg==",
      "license": "MIT",
      "peer": true,
      "dependencies": {
        "scheduler": "^0.27.0"
      },
      "peerDependencies": {
        "react": "^19.2.3"
      }
    },
    "node_modules/scheduler": {
      "version": "0.27.0",
      "resolved": "https://registry.npmmirror.com/scheduler/-/scheduler-0.27.0.tgz",
      "integrity": "sha512-eNv+WrVbKu1f3vbYJT/xtiF5syA5HPIMtf9IgY/nKg0sWqzAUEvqY/xm7OcZc/qafLx/iO9FgOmeSAp4v5ti/Q==",
      "license": "MIT",
      "peer": true
    }
  }
}
